
Microsoft Visual Studio Solution File, Format Version 12.00
# Visual Studio 15
VisualStudioVersion = 15.0.27703.2042
MinimumVisualStudioVersion = 10.0.40219.1
Project("{F184B08F-C81C-45F6-A57F-5ABD9991F28F}") = "LymbdaExpresion", "LymbdaExpresion\LymbdaExpresion.vbproj", "{7072E515-C046-469E-834D-85D6E5C4C9C4}"
EndProject
Project("{F184B08F-C81C-45F6-A57F-5ABD9991F28F}") = "ConsoleLymbda", "ConsoleLymbda\ConsoleLymbda.vbproj", "{615ADB83-FC85-401B-B611-2609A8FAD463}"
EndProject
Global
	GlobalSection(SolutionConfigurationPlatforms) = preSolution
		Debug|Any CPU = Debug|Any CPU
		Release|Any CPU = Release|Any CPU
	EndGlobalSection
	GlobalSection(ProjectConfigurationPlatforms) = postSolution
		{7072E515-C046-469E-834D-85D6E5C4C9C4}.Debug|Any CPU.ActiveCfg = Debug|Any CPU
		{7072E515-C046-469E-834D-85D6E5C4C9C4}.Debug|Any CPU.Build.0 = Debug|Any CPU
		{7072E515-C046-469E-834D-85D6E5C4C9C4}.Release|Any CPU.ActiveCfg = Release|Any CPU
		{7072E515-C046-469E-834D-85D6E5C4C9C4}.Release|Any CPU.Build.0 = Release|Any CPU
		{615ADB83-FC85-401B-B611-2609A8FAD463}.Debug|Any CPU.ActiveCfg = Debug|Any CPU
		{615ADB83-FC85-401B-B611-2609A8FAD463}.Debug|Any CPU.Build.0 = Debug|Any CPU
		{615ADB83-FC85-401B-B611-2609A8FAD463}.Release|Any CPU.ActiveCfg = Release|Any CPU
		{615ADB83-FC85-401B-B611-2609A8FAD463}.Release|Any CPU.Build.0 = Release|Any CPU
	EndGlobalSection
	GlobalSection(SolutionProperties) = preSolution
		HideSolutionNode = FALSE
	EndGlobalSection
	GlobalSection(ExtensibilityGlobals) = postSolution
		SolutionGuid = {9398A7B9-C83C-46A9-A721-02F800C8103C}
	EndGlobalSection
EndGlobal
